
Microsoft Visual Studio Solution File, Format Version 12.00
# Visual Studio 14
VisualStudioVersion = 14.0.24720.0
MinimumVisualStudioVersion = 10.0.40219.1
Project("{2150E333-8FDC-42A3-9474-1A3956D46DE8}") = "1 - Sistema InfoAlexandre", "1 - Sistema InfoAlexandre", "{BE0CC514-40AF-4BA7-8CD4-D81251C66829}"
EndProject
Project("{2150E333-8FDC-42A3-9474-1A3956D46DE8}") = "1.1 - Camada de Serviços Web", "1.1 - Camada de Serviços Web", "{4713291B-FB11-4D3E-96A0-88DABB1132C3}"
EndProject
Project("{2150E333-8FDC-42A3-9474-1A3956D46DE8}") = "1.2 - Camada de Aplicação", "1.2 - Camada de Aplicação", "{58672C61-ADF1-45C4-A585-6F78C40851C6}"
EndProject
Project("{2150E333-8FDC-42A3-9474-1A3956D46DE8}") = "1.3 - Camada de Dominio", "1.3 - Camada de Dominio", "{FD666C35-7BBF-40F5-B799-D4D76FAEC31B}"
EndProject
Project("{2150E333-8FDC-42A3-9474-1A3956D46DE8}") = "1.4 - Camada de InfraEstrutura", "1.4 - Camada de InfraEstrutura", "{85D843E6-445E-472D-898B-D959B328E877}"
EndProject
Project("{2150E333-8FDC-42A3-9474-1A3956D46DE8}") = "1.4.1 - Camada de Repositorio", "1.4.1 - Camada de Repositorio", "{8AFFB5FE-0FD1-4A8E-86E4-16EB4404894B}"
EndProject
Project("{2150E333-8FDC-42A3-9474-1A3956D46DE8}") = "1.4.3 - Camada de Utilitários", "1.4.3 - Camada de Utilitários", "{00B81D2B-6C67-4D41-852A-6ED5A1508BC2}"
EndProject
Project("{2150E333-8FDC-42A3-9474-1A3956D46DE8}") = "1.4.1.1 - Camada de Banco de Dados", "1.4.1.1 - Camada de Banco de Dados", "{11AF8659-4C86-4453-A1FE-9E23F02469A5}"
EndProject
Project("{FAE04EC0-301F-11D3-BF4B-00C04F79EFBC}") = "InfoAlexandre.SGBD", "InfoAlexandre.SGBD\InfoAlexandre.SGBD.csproj", "{74DD3689-E5E6-4914-9F8B-C5A783E17253}"
EndProject
Project("{FAE04EC0-301F-11D3-BF4B-00C04F79EFBC}") = "InfoAlexandre.Domain", "InfoAlexandre.Domain\InfoAlexandre.Domain.csproj", "{C30A0318-9802-4F28-8BB5-488B713B2569}"
EndProject
Project("{FAE04EC0-301F-11D3-BF4B-00C04F79EFBC}") = "InfoAlexandre.App", "InfoAlexandre.App\InfoAlexandre.App.csproj", "{EE64C45D-9D97-465B-9246-CFDD56C79135}"
EndProject
Project("{2150E333-8FDC-42A3-9474-1A3956D46DE8}") = "1.4.3.1 - Camada de Segurança", "1.4.3.1 - Camada de Segurança", "{5AD32C93-7BB7-4395-8A9F-CEE6E5D1CD5E}"
EndProject
Project("{FAE04EC0-301F-11D3-BF4B-00C04F79EFBC}") = "InfoAlexandre.Security", "InfoAlexandre.Security\InfoAlexandre.Security.csproj", "{8BF6708D-C7DD-4051-9032-1487E7BC94A1}"
EndProject
Project("{FAE04EC0-301F-11D3-BF4B-00C04F79EFBC}") = "InfoAlexandre.WebAPI", "InfoAlexandre.WebAPI\InfoAlexandre.WebAPI.csproj", "{A9CAB3D1-9E3E-45FB-95A0-8756F8B8DFAA}"
EndProject
Project("{2150E333-8FDC-42A3-9474-1A3956D46DE8}") = "1.4.2 - Camada de Mapeamentos", "1.4.2 - Camada de Mapeamentos", "{A07DE42E-690E-4E96-B0CD-D0ECEB2A07D7}"
EndProject
Project("{2150E333-8FDC-42A3-9474-1A3956D46DE8}") = "1.4.2.1 - Camada de Mapeamento Ninject", "1.4.2.1 - Camada de Mapeamento Ninject", "{ABD1324C-DFBD-492D-AA5B-AD77D4A94EB5}"
EndProject
Project("{FAE04EC0-301F-11D3-BF4B-00C04F79EFBC}") = "InfoAlexandre.Ninject", "InfoAlexandre.Ninject\InfoAlexandre.Ninject.csproj", "{43B09947-5C56-45E9-BA3F-B18467430CB9}"
EndProject
Project("{2150E333-8FDC-42A3-9474-1A3956D46DE8}") = "1.4.3.2 - Camada de Conversão e Tratamento dos Dados", "1.4.3.2 - Camada de Conversão e Tratamento dos Dados", "{83C55FC6-6F90-48CA-B33A-739D24F77B05}"
EndProject
Project("{FAE04EC0-301F-11D3-BF4B-00C04F79EFBC}") = "InfoAlexandre.Convertions", "InfoAlexandre.Convertions\InfoAlexandre.Convertions.csproj", "{7F621F5C-F685-4D4C-B22E-DAD9ABDFE43D}"
EndProject
Global
	GlobalSection(SolutionConfigurationPlatforms) = preSolution
		Debug|Any CPU = Debug|Any CPU
		Release|Any CPU = Release|Any CPU
	EndGlobalSection
	GlobalSection(ProjectConfigurationPlatforms) = postSolution
		{74DD3689-E5E6-4914-9F8B-C5A783E17253}.Debug|Any CPU.ActiveCfg = Debug|Any CPU
		{74DD3689-E5E6-4914-9F8B-C5A783E17253}.Debug|Any CPU.Build.0 = Debug|Any CPU
		{74DD3689-E5E6-4914-9F8B-C5A783E17253}.Release|Any CPU.ActiveCfg = Release|Any CPU
		{74DD3689-E5E6-4914-9F8B-C5A783E17253}.Release|Any CPU.Build.0 = Release|Any CPU
		{C30A0318-9802-4F28-8BB5-488B713B2569}.Debug|Any CPU.ActiveCfg = Debug|Any CPU
		{C30A0318-9802-4F28-8BB5-488B713B2569}.Debug|Any CPU.Build.0 = Debug|Any CPU
		{C30A0318-9802-4F28-8BB5-488B713B2569}.Release|Any CPU.ActiveCfg = Release|Any CPU
		{C30A0318-9802-4F28-8BB5-488B713B2569}.Release|Any CPU.Build.0 = Release|Any CPU
		{EE64C45D-9D97-465B-9246-CFDD56C79135}.Debug|Any CPU.ActiveCfg = Debug|Any CPU
		{EE64C45D-9D97-465B-9246-CFDD56C79135}.Debug|Any CPU.Build.0 = Debug|Any CPU
		{EE64C45D-9D97-465B-9246-CFDD56C79135}.Release|Any CPU.ActiveCfg = Release|Any CPU
		{EE64C45D-9D97-465B-9246-CFDD56C79135}.Release|Any CPU.Build.0 = Release|Any CPU
		{8BF6708D-C7DD-4051-9032-1487E7BC94A1}.Debug|Any CPU.ActiveCfg = Debug|Any CPU
		{8BF6708D-C7DD-4051-9032-1487E7BC94A1}.Debug|Any CPU.Build.0 = Debug|Any CPU
		{8BF6708D-C7DD-4051-9032-1487E7BC94A1}.Release|Any CPU.ActiveCfg = Release|Any CPU
		{8BF6708D-C7DD-4051-9032-1487E7BC94A1}.Release|Any CPU.Build.0 = Release|Any CPU
		{A9CAB3D1-9E3E-45FB-95A0-8756F8B8DFAA}.Debug|Any CPU.ActiveCfg = Debug|Any CPU
		{A9CAB3D1-9E3E-45FB-95A0-8756F8B8DFAA}.Debug|Any CPU.Build.0 = Debug|Any CPU
		{A9CAB3D1-9E3E-45FB-95A0-8756F8B8DFAA}.Release|Any CPU.ActiveCfg = Release|Any CPU
		{A9CAB3D1-9E3E-45FB-95A0-8756F8B8DFAA}.Release|Any CPU.Build.0 = Release|Any CPU
		{43B09947-5C56-45E9-BA3F-B18467430CB9}.Debug|Any CPU.ActiveCfg = Debug|Any CPU
		{43B09947-5C56-45E9-BA3F-B18467430CB9}.Debug|Any CPU.Build.0 = Debug|Any CPU
		{43B09947-5C56-45E9-BA3F-B18467430CB9}.Release|Any CPU.ActiveCfg = Release|Any CPU
		{43B09947-5C56-45E9-BA3F-B18467430CB9}.Release|Any CPU.Build.0 = Release|Any CPU
		{7F621F5C-F685-4D4C-B22E-DAD9ABDFE43D}.Debug|Any CPU.ActiveCfg = Debug|Any CPU
		{7F621F5C-F685-4D4C-B22E-DAD9ABDFE43D}.Debug|Any CPU.Build.0 = Debug|Any CPU
		{7F621F5C-F685-4D4C-B22E-DAD9ABDFE43D}.Release|Any CPU.ActiveCfg = Release|Any CPU
		{7F621F5C-F685-4D4C-B22E-DAD9ABDFE43D}.Release|Any CPU.Build.0 = Release|Any CPU
	EndGlobalSection
	GlobalSection(SolutionProperties) = preSolution
		HideSolutionNode = FALSE
	EndGlobalSection
	GlobalSection(NestedProjects) = preSolution
		{4713291B-FB11-4D3E-96A0-88DABB1132C3} = {BE0CC514-40AF-4BA7-8CD4-D81251C66829}
		{58672C61-ADF1-45C4-A585-6F78C40851C6} = {BE0CC514-40AF-4BA7-8CD4-D81251C66829}
		{FD666C35-7BBF-40F5-B799-D4D76FAEC31B} = {BE0CC514-40AF-4BA7-8CD4-D81251C66829}
		{85D843E6-445E-472D-898B-D959B328E877} = {BE0CC514-40AF-4BA7-8CD4-D81251C66829}
		{8AFFB5FE-0FD1-4A8E-86E4-16EB4404894B} = {85D843E6-445E-472D-898B-D959B328E877}
		{00B81D2B-6C67-4D41-852A-6ED5A1508BC2} = {85D843E6-445E-472D-898B-D959B328E877}
		{11AF8659-4C86-4453-A1FE-9E23F02469A5} = {8AFFB5FE-0FD1-4A8E-86E4-16EB4404894B}
		{74DD3689-E5E6-4914-9F8B-C5A783E17253} = {11AF8659-4C86-4453-A1FE-9E23F02469A5}
		{C30A0318-9802-4F28-8BB5-488B713B2569} = {FD666C35-7BBF-40F5-B799-D4D76FAEC31B}
		{EE64C45D-9D97-465B-9246-CFDD56C79135} = {58672C61-ADF1-45C4-A585-6F78C40851C6}
		{5AD32C93-7BB7-4395-8A9F-CEE6E5D1CD5E} = {00B81D2B-6C67-4D41-852A-6ED5A1508BC2}
		{8BF6708D-C7DD-4051-9032-1487E7BC94A1} = {5AD32C93-7BB7-4395-8A9F-CEE6E5D1CD5E}
		{A9CAB3D1-9E3E-45FB-95A0-8756F8B8DFAA} = {4713291B-FB11-4D3E-96A0-88DABB1132C3}
		{A07DE42E-690E-4E96-B0CD-D0ECEB2A07D7} = {85D843E6-445E-472D-898B-D959B328E877}
		{ABD1324C-DFBD-492D-AA5B-AD77D4A94EB5} = {A07DE42E-690E-4E96-B0CD-D0ECEB2A07D7}
		{43B09947-5C56-45E9-BA3F-B18467430CB9} = {ABD1324C-DFBD-492D-AA5B-AD77D4A94EB5}
		{83C55FC6-6F90-48CA-B33A-739D24F77B05} = {00B81D2B-6C67-4D41-852A-6ED5A1508BC2}
		{7F621F5C-F685-4D4C-B22E-DAD9ABDFE43D} = {83C55FC6-6F90-48CA-B33A-739D24F77B05}
	EndGlobalSection
EndGlobal
